{
  "name": "socket.io-loadtesting",
  "version": "1.0.0",
  "lockfileVersion": 1,
  "requires": true,
  "dependencies": {
    "express": {
      "version": "4.13.4",
      "resolved": "https://registry.npmjs.org/express/-/express-4.13.4.tgz",
      "integrity": "sha1-PAt288d1kMg0VzkGHsC9O6Bn7CQ=",
      "requires": {
        "accepts": "~1.2.12",
        "array-flatten": "1.1.1",
        "content-disposition": "0.5.1",
        "content-type": "~1.0.1",
        "cookie": "0.1.5",
        "cookie-signature": "1.0.6",
        "debug": "~2.2.0",
        "depd": "~1.1.0",
        "escape-html": "~1.0.3",
        "etag": "~1.7.0",
        "finalhandler": "0.4.1",
        "fresh": "0.3.0",
        "merge-descriptors": "1.0.1",
        "methods": "~1.1.2",
        "on-finished": "~2.3.0",
        "parseurl": "~1.3.1",
        "path-to-regexp": "0.1.7",
        "proxy-addr": "~1.0.10",
        "qs": "4.0.0",
        "range-parser": "~1.0.3",
        "send": "0.13.1",
        "serve-static": "~1.10.2",
        "type-is": "~1.6.6",
        "utils-merge": "1.0.0",
        "vary": "~1.0.1"
      },
      "dependencies": {
        "accepts": {
          "version": "1.2.13",
          "resolved": "https://registry.npmjs.org/accepts/-/accepts-1.2.13.tgz",
          "integrity": "sha1-5fHzkoxtlf2WVYw27D2dDeSm7Oo=",
          "requires": {
            "mime-types": "~2.1.6",
            "negotiator": "0.5.3"
          },
          "dependencies": {
            "mime-types": {
              "version": "2.1.24",
              "resolved": "https://registry.npmjs.org/mime-types/-/mime-types-2.1.24.tgz",
              "integrity": "sha1-tvjQs+lR77d97eyhlM/20W9nb4E=",
              "requires": {
                "mime-db": "1.40.0"
              },
              "dependencies": {
                "mime-db": {
                  "version": "1.40.0",
                  "resolved": "https://registry.npmjs.org/mime-db/-/mime-db-1.40.0.tgz",
                  "integrity": "sha1-plBX6ZjbCQ9zKmj2wnbTh9QSbDI="
                }
              }
            },
            "negotiator": {
              "version": "0.5.3",
              "resolved": "https://registry.npmjs.org/negotiator/-/negotiator-0.5.3.tgz",
              "integrity": "sha1-Jp1cR2gQ7JLtvntsLygxY4T5p+g="
            }
          }
        },
        "array-flatten": {
          "version": "1.1.1",
          "resolved": "https://registry.npmjs.org/array-flatten/-/array-flatten-1.1.1.tgz",
          "integrity": "sha1-ml9pkFGx5wczKPKgCJaLZOopVdI="
        },
        "content-disposition": {
          "version": "0.5.1",
          "resolved": "https://registry.npmjs.org/content-disposition/-/content-disposition-0.5.1.tgz",
          "integrity": "sha1-h0dsamfI2qh+Muh2Ft+IO6f7Bxs="
        },
        "content-type": {
          "version": "1.0.4",
          "resolved": "https://registry.npmjs.org/content-type/-/content-type-1.0.4.tgz",
          "integrity": "sha1-4TjMdeBAxyexlm/l5fjJruJW/js="
        },
        "cookie": {
          "version": "0.1.5",
          "resolved": "https://registry.npmjs.org/cookie/-/cookie-0.1.5.tgz",
          "integrity": "sha1-armUiksa4hlSzSWIUwpHItQETXw="
        },
        "cookie-signature": {
          "version": "1.0.6",
          "resolved": "https://registry.npmjs.org/cookie-signature/-/cookie-signature-1.0.6.tgz",
          "integrity": "sha1-4wOogrNCzD7oylE6eZmXNNqzriw="
        },
        "debug": {
          "version": "2.2.0",
          "resolved": "https://registry.npmjs.org/debug/-/debug-2.2.0.tgz",
          "integrity": "sha1-+HBX6ZWxofauaklgZkE3vFbwOdo=",
          "requires": {
            "ms": "0.7.1"
          },
          "dependencies": {
            "ms": {
              "version": "0.7.1",
              "resolved": "https://registry.npmjs.org/ms/-/ms-0.7.1.tgz",
              "integrity": "sha1-nNE8A62/8ltl7/3nzoZO6VIBcJg="
            }
          }
        },
        "depd": {
          "version": "1.1.2",
          "resolved": "https://registry.npmjs.org/depd/-/depd-1.1.2.tgz",
          "integrity": "sha1-m81S4UwJd2PnSbJ0xDRu0uVgtak="
        },
        "escape-html": {
          "version": "1.0.3",
          "resolved": "https://registry.npmjs.org/escape-html/-/escape-html-1.0.3.tgz",
          "integrity": "sha1-Aljq5NPQwJdN4cFpGI7wBR0dGYg="
        },
        "etag": {
          "version": "1.7.0",
          "resolved": "https://registry.npmjs.org/etag/-/etag-1.7.0.tgz",
          "integrity": "sha1-A9MLX2fdbmMtKUXTDWZScxo01dg="
        },
        "finalhandler": {
          "version": "0.4.1",
          "resolved": "https://registry.npmjs.org/finalhandler/-/finalhandler-0.4.1.tgz",
          "integrity": "sha1-haF8bFmpRxfSYtYSMNSw6+PUoU0=",
          "requires": {
            "debug": "~2.2.0",
            "escape-html": "~1.0.3",
            "on-finished": "~2.3.0",
            "unpipe": "~1.0.0"
          },
          "dependencies": {
            "unpipe": {
              "version": "1.0.0",
              "resolved": "https://registry.npmjs.org/unpipe/-/unpipe-1.0.0.tgz",
              "integrity": "sha1-sr9O6FFKrmFltIF4KdIbLvSZBOw="
            }
          }
        },
        "fresh": {
          "version": "0.3.0",
          "resolved": "https://registry.npmjs.org/fresh/-/fresh-0.3.0.tgz",
          "integrity": "sha1-ZR+DjiJCTnVm3hYdg1jKoZn4PU8="
        },
        "merge-descriptors": {
          "version": "1.0.1",
          "resolved": "https://registry.npmjs.org/merge-descriptors/-/merge-descriptors-1.0.1.tgz",
          "integrity": "sha1-sAqqVW3YtEVoFQ7J0blT8/kMu2E="
        },
        "methods": {
          "version": "1.1.2",
          "resolved": "https://registry.npmjs.org/methods/-/methods-1.1.2.tgz",
          "integrity": "sha1-VSmk1nZUE07cxSZmVoNbD4Ua/O4="
        },
        "on-finished": {
          "version": "2.3.0",
          "resolved": "https://registry.npmjs.org/on-finished/-/on-finished-2.3.0.tgz",
          "integrity": "sha1-IPEzZIGwg811M3mSoWlxqi2QaUc=",
          "requires": {
            "ee-first": "1.1.1"
          },
          "dependencies": {
            "ee-first": {
              "version": "1.1.1",
              "resolved": "https://registry.npmjs.org/ee-first/-/ee-first-1.1.1.tgz",
              "integrity": "sha1-WQxhFWsK4vTwJVcyoViyZrxWsh0="
            }
          }
        },
        "parseurl": {
          "version": "1.3.3",
          "resolved": "https://registry.npmjs.org/parseurl/-/parseurl-1.3.3.tgz",
          "integrity": "sha1-naGee+6NEt/wUT7Vt2lXeTvC6NQ="
        },
        "path-to-regexp": {
          "version": "0.1.7",
          "resolved": "https://registry.npmjs.org/path-to-regexp/-/path-to-regexp-0.1.7.tgz",
          "integrity": "sha1-32BBeABfUi8V60SQ5yR6G/qmf4w="
        },
        "proxy-addr": {
          "version": "1.0.10",
          "resolved": "https://registry.npmjs.org/proxy-addr/-/proxy-addr-1.0.10.tgz",
          "integrity": "sha1-DUCoL4Afw1VWfS7LZe/j8HfxIcU=",
          "requires": {
            "forwarded": "~0.1.0",
            "ipaddr.js": "1.0.5"
          },
          "dependencies": {
            "forwarded": {
              "version": "0.1.2",
              "resolved": "https://registry.npmjs.org/forwarded/-/forwarded-0.1.2.tgz",
              "integrity": "sha1-mMI9qxF1ZXuMBXPozszZGw/xjIQ="
            },
            "ipaddr.js": {
              "version": "1.0.5",
              "resolved": "https://registry.npmjs.org/ipaddr.js/-/ipaddr.js-1.0.5.tgz",
              "integrity": "sha1-X6eM8wG4JceKvDBC2BJyMEnqI8c="
            }
          }
        },
        "qs": {
          "version": "4.0.0",
          "resolved": "https://registry.npmjs.org/qs/-/qs-4.0.0.tgz",
          "integrity": "sha1-wx2bdOwn33XlQ6hseHKO2NRiNgc="
        },
        "range-parser": {
          "version": "1.0.3",
          "resolved": "https://registry.npmjs.org/range-parser/-/range-parser-1.0.3.tgz",
          "integrity": "sha1-aHKCNTXGkuLCoBA4Jq/YLC4P8XU="
        },
        "send": {
          "version": "0.13.1",
          "resolved": "https://registry.npmjs.org/send/-/send-0.13.1.tgz",
          "integrity": "sha1-ow1fTILIqbrprQCh2bG9vm8Zntc=",
          "requires": {
            "debug": "~2.2.0",
            "depd": "~1.1.0",
            "destroy": "~1.0.4",
            "escape-html": "~1.0.3",
            "etag": "~1.7.0",
            "fresh": "0.3.0",
            "http-errors": "~1.3.1",
            "mime": "1.3.4",
            "ms": "0.7.1",
            "on-finished": "~2.3.0",
            "range-parser": "~1.0.3",
            "statuses": "~1.2.1"
          },
          "dependencies": {
            "destroy": {
              "version": "1.0.4",
              "resolved": "https://registry.npmjs.org/destroy/-/destroy-1.0.4.tgz",
              "integrity": "sha1-l4hXRCxEdJ5CBmE+N5RiBYJqvYA="
            },
            "http-errors": {
              "version": "1.3.1",
              "resolved": "https://registry.npmjs.org/http-errors/-/http-errors-1.3.1.tgz",
              "integrity": "sha1-GX4izevUGYWF6GlO9nhhl7ke2UI=",
              "requires": {
                "inherits": "~2.0.1",
                "statuses": "1"
              },
              "dependencies": {
                "inherits": {
                  "version": "2.0.4",
                  "resolved": "https://registry.npmjs.org/inherits/-/inherits-2.0.4.tgz",
                  "integrity": "sha1-D6LGT5MpF8NDOg3tVTY6rjdBa3w="
                }
              }
            },
            "mime": {
              "version": "1.3.4",
              "resolved": "https://registry.npmjs.org/mime/-/mime-1.3.4.tgz",
              "integrity": "sha1-EV+eO2s9rylZmDyzjxSaLUDrXVM="
            },
            "ms": {
              "version": "0.7.1",
              "resolved": "https://registry.npmjs.org/ms/-/ms-0.7.1.tgz",
              "integrity": "sha1-nNE8A62/8ltl7/3nzoZO6VIBcJg="
            },
            "statuses": {
              "version": "1.2.1",
              "resolved": "https://registry.npmjs.org/statuses/-/statuses-1.2.1.tgz",
              "integrity": "sha1-3e1FzBglbVHtQK7BQkidXGECbSg="
            }
          }
        },
        "serve-static": {
          "version": "1.10.3",
          "resolved": "https://registry.npmjs.org/serve-static/-/serve-static-1.10.3.tgz",
          "integrity": "sha1-zlpuzTEB/tXsCYJ9rCKpwpv7BTU=",
          "requires": {
            "escape-html": "~1.0.3",
            "parseurl": "~1.3.1",
            "send": "0.13.2"
          },
          "dependencies": {
            "send": {
              "version": "0.13.2",
              "resolved": "https://registry.npmjs.org/send/-/send-0.13.2.tgz",
              "integrity": "sha1-dl52B8gFVFK7pvCwUllTUJhgNt4=",
              "requires": {
                "debug": "~2.2.0",
                "depd": "~1.1.0",
                "destroy": "~1.0.4",
                "escape-html": "~1.0.3",
                "etag": "~1.7.0",
                "fresh": "0.3.0",
                "http-errors": "~1.3.1",
                "mime": "1.3.4",
                "ms": "0.7.1",
                "on-finished": "~2.3.0",
                "range-parser": "~1.0.3",
                "statuses": "~1.2.1"
              },
              "dependencies": {
                "destroy": {
                  "version": "1.0.4",
                  "resolved": "https://registry.npmjs.org/destroy/-/destroy-1.0.4.tgz",
                  "integrity": "sha1-l4hXRCxEdJ5CBmE+N5RiBYJqvYA="
                },
                "http-errors": {
                  "version": "1.3.1",
                  "resolved": "https://registry.npmjs.org/http-errors/-/http-errors-1.3.1.tgz",
                  "integrity": "sha1-GX4izevUGYWF6GlO9nhhl7ke2UI=",
                  "requires": {
                    "inherits": "~2.0.1",
                    "statuses": "1"
                  },
                  "dependencies": {
                    "inherits": {
                      "version": "2.0.4",
                      "resolved": "https://registry.npmjs.org/inherits/-/inherits-2.0.4.tgz",
                      "integrity": "sha1-D6LGT5MpF8NDOg3tVTY6rjdBa3w="
                    }
                  }
                },
                "mime": {
                  "version": "1.3.4",
                  "resolved": "https://registry.npmjs.org/mime/-/mime-1.3.4.tgz",
                  "integrity": "sha1-EV+eO2s9rylZmDyzjxSaLUDrXVM="
                },
                "ms": {
                  "version": "0.7.1",
                  "resolved": "https://registry.npmjs.org/ms/-/ms-0.7.1.tgz",
                  "integrity": "sha1-nNE8A62/8ltl7/3nzoZO6VIBcJg="
                },
                "statuses": {
                  "version": "1.2.1",
                  "resolved": "https://registry.npmjs.org/statuses/-/statuses-1.2.1.tgz",
                  "integrity": "sha1-3e1FzBglbVHtQK7BQkidXGECbSg="
                }
              }
            }
          }
        },
        "type-is": {
          "version": "1.6.18",
          "resolved": "https://registry.npmjs.org/type-is/-/type-is-1.6.18.tgz",
          "integrity": "sha1-TlUs0F3wlGfcvE73Od6J8s83wTE=",
          "requires": {
            "media-typer": "0.3.0",
            "mime-types": "~2.1.24"
          },
          "dependencies": {
            "media-typer": {
              "version": "0.3.0",
              "resolved": "https://registry.npmjs.org/media-typer/-/media-typer-0.3.0.tgz",
              "integrity": "sha1-hxDXrwqmJvj/+hzgAWhUUmMlV0g="
            },
            "mime-types": {
              "version": "2.1.24",
              "resolved": "https://registry.npmjs.org/mime-types/-/mime-types-2.1.24.tgz",
              "integrity": "sha1-tvjQs+lR77d97eyhlM/20W9nb4E=",
              "requires": {
                "mime-db": "1.40.0"
              },
              "dependencies": {
                "mime-db": {
                  "version": "1.40.0",
                  "resolved": "https://registry.npmjs.org/mime-db/-/mime-db-1.40.0.tgz",
                  "integrity": "sha1-plBX6ZjbCQ9zKmj2wnbTh9QSbDI="
                }
              }
            }
          }
        },
        "utils-merge": {
          "version": "1.0.0",
          "resolved": "https://registry.npmjs.org/utils-merge/-/utils-merge-1.0.0.tgz",
          "integrity": "sha1-ApT7kiu5N1FTVBxPcJYjHyh8ivg="
        },
        "vary": {
          "version": "1.0.1",
          "resolved": "https://registry.npmjs.org/vary/-/vary-1.0.1.tgz",
          "integrity": "sha1-meSYFWaihhGN+yuBc1ffeZM3bRA="
        }
      }
    },
    "faker": {
      "version": "4.1.0",
      "resolved": "https://registry.npmjs.org/faker/-/faker-4.1.0.tgz",
      "integrity": "sha1-HkW7vsxndLPBlfrSg1EJxtdIzD8=",
      "dev": true
    },
    "socket.io": {
      "version": "2.2.0",
      "resolved": "https://registry.npmjs.org/socket.io/-/socket.io-2.2.0.tgz",
      "integrity": "sha1-8PYzFh72cSyXKzB1mOzQjJsbTVs=",
      "requires": {
        "debug": "~4.1.0",
        "engine.io": "~3.3.1",
        "has-binary2": "~1.0.2",
        "socket.io-adapter": "~1.1.0",
        "socket.io-client": "2.2.0",
        "socket.io-parser": "~3.3.0"
      },
      "dependencies": {
        "debug": {
          "version": "4.1.1",
          "resolved": "https://registry.npmjs.org/debug/-/debug-4.1.1.tgz",
          "integrity": "sha1-O3ImAlUQnGtYnO4FDx1RYTlmR5E=",
          "requires": {
            "ms": "^2.1.1"
          },
          "dependencies": {
            "ms": {
              "version": "2.1.2",
              "resolved": "https://registry.npmjs.org/ms/-/ms-2.1.2.tgz",
              "integrity": "sha1-0J0fNXtEP0kzgqjrPM0YOHKuYAk="
            }
          }
        },
        "engine.io": {
          "version": "3.3.2",
          "resolved": "https://registry.npmjs.org/engine.io/-/engine.io-3.3.2.tgz",
          "integrity": "sha1-GMvItvNulGHFwPgd8rgw3hYFilk=",
          "requires": {
            "accepts": "~1.3.4",
            "base64id": "1.0.0",
            "cookie": "0.3.1",
            "debug": "~3.1.0",
            "engine.io-parser": "~2.1.0",
            "ws": "~6.1.0"
          },
          "dependencies": {
            "accepts": {
              "version": "1.3.7",
              "resolved": "https://registry.npmjs.org/accepts/-/accepts-1.3.7.tgz",
              "integrity": "sha1-UxvHJlF6OytB+FACHGzBXqq1B80=",
              "requires": {
                "mime-types": "~2.1.24",
                "negotiator": "0.6.2"
              },
              "dependencies": {
                "mime-types": {
                  "version": "2.1.24",
                  "resolved": "https://registry.npmjs.org/mime-types/-/mime-types-2.1.24.tgz",
                  "integrity": "sha1-tvjQs+lR77d97eyhlM/20W9nb4E=",
                  "requires": {
                    "mime-db": "1.40.0"
                  },
                  "dependencies": {
                    "mime-db": {
                      "version": "1.40.0",
                      "resolved": "https://registry.npmjs.org/mime-db/-/mime-db-1.40.0.tgz",
                      "integrity": "sha1-plBX6ZjbCQ9zKmj2wnbTh9QSbDI="
                    }
                  }
                },
                "negotiator": {
                  "version": "0.6.2",
                  "resolved": "https://registry.npmjs.org/negotiator/-/negotiator-0.6.2.tgz",
                  "integrity": "sha1-/qz3zPUlp3rpY0Q2pkiD/+yjRvs="
                }
              }
            },
            "base64id": {
              "version": "1.0.0",
              "resolved": "https://registry.npmjs.org/base64id/-/base64id-1.0.0.tgz",
              "integrity": "sha1-R2iMuZu2gE8OBtPnY7HDLlfY5rY="
            },
            "cookie": {
              "version": "0.3.1",
              "resolved": "https://registry.npmjs.org/cookie/-/cookie-0.3.1.tgz",
              "integrity": "sha1-5+Ch+e9DtMi6klxcWpboBtFoc7s="
            },
            "debug": {
              "version": "3.1.0",
              "resolved": "https://registry.npmjs.org/debug/-/debug-3.1.0.tgz",
              "integrity": "sha1-W7WgZyYotkFJVmuhaBnmFRjGcmE=",
              "requires": {
                "ms": "2.0.0"
              },
              "dependencies": {
                "ms": {
                  "version": "2.0.0",
                  "resolved": "https://registry.npmjs.org/ms/-/ms-2.0.0.tgz",
                  "integrity": "sha1-VgiurfwAvmwpAd9fmGF4jeDVl8g="
                }
              }
            },
            "engine.io-parser": {
              "version": "2.1.3",
              "resolved": "https://registry.npmjs.org/engine.io-parser/-/engine.io-parser-2.1.3.tgz",
              "integrity": "sha1-dXq5cPvy37Mse3SwMyFtVznveaY=",
              "requires": {
                "after": "0.8.2",
                "arraybuffer.slice": "~0.0.7",
                "base64-arraybuffer": "0.1.5",
                "blob": "0.0.5",
                "has-binary2": "~1.0.2"
              },
              "dependencies": {
                "after": {
                  "version": "0.8.2",
                  "resolved": "https://registry.npmjs.org/after/-/after-0.8.2.tgz",
                  "integrity": "sha1-/ts5T58OAqqXaOcCvaI7UF+ufh8="
                },
                "arraybuffer.slice": {
                  "version": "0.0.7",
                  "resolved": "https://registry.npmjs.org/arraybuffer.slice/-/arraybuffer.slice-0.0.7.tgz",
                  "integrity": "sha1-O7xCdd1YTMGxCAm4nU6LY6aednU="
                },
                "base64-arraybuffer": {
                  "version": "0.1.5",
                  "resolved": "https://registry.npmjs.org/base64-arraybuffer/-/base64-arraybuffer-0.1.5.tgz",
                  "integrity": "sha1-c5JncZI7Whl0etZmqlzUv5xunOg="
                },
                "blob": {
                  "version": "0.0.5",
                  "resolved": "https://registry.npmjs.org/blob/-/blob-0.0.5.tgz",
                  "integrity": "sha1-1oDu7yX4zZGtUz9bAe7UjmTK9oM="
                }
              }
            },
            "ws": {
              "version": "6.1.4",
              "resolved": "https://registry.npmjs.org/ws/-/ws-6.1.4.tgz",
              "integrity": "sha1-W1yIAK+rkl6UzLKdFTyNAsF3bvk=",
              "requires": {
                "async-limiter": "~1.0.0"
              },
              "dependencies": {
                "async-limiter": {
                  "version": "1.0.1",
                  "resolved": "https://registry.npmjs.org/async-limiter/-/async-limiter-1.0.1.tgz",
                  "integrity": "sha1-3TeelPDbgxCwgpH51kwyCXZmF/0="
                }
              }
            }
          }
        },
        "has-binary2": {
          "version": "1.0.3",
          "resolved": "https://registry.npmjs.org/has-binary2/-/has-binary2-1.0.3.tgz",
          "integrity": "sha1-d3asYn8+p3JQz8My2rfd9eT10R0=",
          "requires": {
            "isarray": "2.0.1"
          },
          "dependencies": {
            "isarray": {
              "version": "2.0.1",
              "resolved": "https://registry.npmjs.org/isarray/-/isarray-2.0.1.tgz",
              "integrity": "sha1-o32U7ZzaLVmGXJ92/llu4fM4dB4="
            }
          }
        },
        "socket.io-adapter": {
          "version": "1.1.1",
          "resolved": "https://registry.npmjs.org/socket.io-adapter/-/socket.io-adapter-1.1.1.tgz",
          "integrity": "sha1-KoBeihTWNyEk3ZFZrUUC+MsH8Gs="
        },
        "socket.io-client": {
          "version": "2.2.0",
          "resolved": "https://registry.npmjs.org/socket.io-client/-/socket.io-client-2.2.0.tgz",
          "integrity": "sha1-hOc+48Q9UCDMwaJY+u65rsJyOvc=",
          "requires": {
            "backo2": "1.0.2",
            "base64-arraybuffer": "0.1.5",
            "component-bind": "1.0.0",
            "component-emitter": "1.2.1",
            "debug": "~3.1.0",
            "engine.io-client": "~3.3.1",
            "has-binary2": "~1.0.2",
            "has-cors": "1.1.0",
            "indexof": "0.0.1",
            "object-component": "0.0.3",
            "parseqs": "0.0.5",
            "parseuri": "0.0.5",
            "socket.io-parser": "~3.3.0",
            "to-array": "0.1.4"
          },
          "dependencies": {
            "backo2": {
              "version": "1.0.2",
              "resolved": "https://registry.npmjs.org/backo2/-/backo2-1.0.2.tgz",
              "integrity": "sha1-MasayLEpNjRj41s+u2n038+6eUc="
            },
            "base64-arraybuffer": {
              "version": "0.1.5",
              "resolved": "https://registry.npmjs.org/base64-arraybuffer/-/base64-arraybuffer-0.1.5.tgz",
              "integrity": "sha1-c5JncZI7Whl0etZmqlzUv5xunOg="
            },
            "component-bind": {
              "version": "1.0.0",
              "resolved": "https://registry.npmjs.org/component-bind/-/component-bind-1.0.0.tgz",
              "integrity": "sha1-AMYIq33Nk4l8AAllGx06jh5zu9E="
            },
            "component-emitter": {
              "version": "1.2.1",
              "resolved": "https://registry.npmjs.org/component-emitter/-/component-emitter-1.2.1.tgz",
              "integrity": "sha1-E3kY1teCg/ffemt8WmPhQOaUJeY="
            },
            "debug": {
              "version": "3.1.0",
              "resolved": "https://registry.npmjs.org/debug/-/debug-3.1.0.tgz",
              "integrity": "sha1-W7WgZyYotkFJVmuhaBnmFRjGcmE=",
              "requires": {
                "ms": "2.0.0"
              },
              "dependencies": {
                "ms": {
                  "version": "2.0.0",
                  "resolved": "https://registry.npmjs.org/ms/-/ms-2.0.0.tgz",
                  "integrity": "sha1-VgiurfwAvmwpAd9fmGF4jeDVl8g="
                }
              }
            },
            "engine.io-client": {
              "version": "3.3.2",
              "resolved": "https://registry.npmjs.org/engine.io-client/-/engine.io-client-3.3.2.tgz",
              "integrity": "sha1-BOBoeY11vtoUN1omS7PXQte8M6o=",
              "requires": {
                "component-emitter": "1.2.1",
                "component-inherit": "0.0.3",
                "debug": "~3.1.0",
                "engine.io-parser": "~2.1.1",
                "has-cors": "1.1.0",
                "indexof": "0.0.1",
                "parseqs": "0.0.5",
                "parseuri": "0.0.5",
                "ws": "~6.1.0",
                "xmlhttprequest-ssl": "~1.5.4",
                "yeast": "0.1.2"
              },
              "dependencies": {
                "component-inherit": {
                  "version": "0.0.3",
                  "resolved": "https://registry.npmjs.org/component-inherit/-/component-inherit-0.0.3.tgz",
                  "integrity": "sha1-ZF/ErfWLcrZJ1crmUTVhnbJv8UM="
                },
                "engine.io-parser": {
                  "version": "2.1.3",
                  "resolved": "https://registry.npmjs.org/engine.io-parser/-/engine.io-parser-2.1.3.tgz",
                  "integrity": "sha1-dXq5cPvy37Mse3SwMyFtVznveaY=",
                  "requires": {
                    "after": "0.8.2",
                    "arraybuffer.slice": "~0.0.7",
                    "base64-arraybuffer": "0.1.5",
                    "blob": "0.0.5",
                    "has-binary2": "~1.0.2"
                  },
                  "dependencies": {
                    "after": {
                      "version": "0.8.2",
                      "resolved": "https://registry.npmjs.org/after/-/after-0.8.2.tgz",
                      "integrity": "sha1-/ts5T58OAqqXaOcCvaI7UF+ufh8="
                    },
                    "arraybuffer.slice": {
                      "version": "0.0.7",
                      "resolved": "https://registry.npmjs.org/arraybuffer.slice/-/arraybuffer.slice-0.0.7.tgz",
                      "integrity": "sha1-O7xCdd1YTMGxCAm4nU6LY6aednU="
                    },
                    "blob": {
                      "version": "0.0.5",
                      "resolved": "https://registry.npmjs.org/blob/-/blob-0.0.5.tgz",
                      "integrity": "sha1-1oDu7yX4zZGtUz9bAe7UjmTK9oM="
                    }
                  }
                },
                "ws": {
                  "version": "6.1.4",
                  "resolved": "https://registry.npmjs.org/ws/-/ws-6.1.4.tgz",
                  "integrity": "sha1-W1yIAK+rkl6UzLKdFTyNAsF3bvk=",
                  "requires": {
                    "async-limiter": "~1.0.0"
                  },
                  "dependencies": {
                    "async-limiter": {
                      "version": "1.0.1",
                      "resolved": "https://registry.npmjs.org/async-limiter/-/async-limiter-1.0.1.tgz",
                      "integrity": "sha1-3TeelPDbgxCwgpH51kwyCXZmF/0="
                    }
                  }
                },
                "xmlhttprequest-ssl": {
                  "version": "1.5.5",
                  "resolved": "https://registry.npmjs.org/xmlhttprequest-ssl/-/xmlhttprequest-ssl-1.5.5.tgz",
                  "integrity": "sha1-wodrBhaKrcQOV9l+gRkayPQ5iz4="
                },
                "yeast": {
                  "version": "0.1.2",
                  "resolved": "https://registry.npmjs.org/yeast/-/yeast-0.1.2.tgz",
                  "integrity": "sha1-AI4G2AlDIMNy28L47XagymyKxBk="
                }
              }
            },
            "has-cors": {
              "version": "1.1.0",
              "resolved": "https://registry.npmjs.org/has-cors/-/has-cors-1.1.0.tgz",
              "integrity": "sha1-XkdHk/fqmEPRu5nCPu9J/xJv/zk="
            },
            "indexof": {
              "version": "0.0.1",
              "resolved": "https://registry.npmjs.org/indexof/-/indexof-0.0.1.tgz",
              "integrity": "sha1-gtwzbSMrkGIXnQWrMpOmYFn9Q10="
            },
            "object-component": {
              "version": "0.0.3",
              "resolved": "https://registry.npmjs.org/object-component/-/object-component-0.0.3.tgz",
              "integrity": "sha1-8MaapQ78lbhmwYb0AKM3acsvEpE="
            },
            "parseqs": {
              "version": "0.0.5",
              "resolved": "https://registry.npmjs.org/parseqs/-/parseqs-0.0.5.tgz",
              "integrity": "sha1-1SCKNzjkZ2bikbouoXNoSSGouJ0=",
              "requires": {
                "better-assert": "~1.0.0"
              },
              "dependencies": {
                "better-assert": {
                  "version": "1.0.2",
                  "resolved": "https://registry.npmjs.org/better-assert/-/better-assert-1.0.2.tgz",
                  "integrity": "sha1-QIZrnhueC1W0gYlDEeaPr/rrxSI=",
                  "requires": {
                    "callsite": "1.0.0"
                  },
                  "dependencies": {
                    "callsite": {
                      "version": "1.0.0",
                      "resolved": "https://registry.npmjs.org/callsite/-/callsite-1.0.0.tgz",
                      "integrity": "sha1-KAOY5dZkvXQDi28JBRU+borxvCA="
                    }
                  }
                }
              }
            },
            "parseuri": {
              "version": "0.0.5",
              "resolved": "https://registry.npmjs.org/parseuri/-/parseuri-0.0.5.tgz",
              "integrity": "sha1-gCBKUNTbt3m/3G6+J3jZDkvOMgo=",
              "requires": {
                "better-assert": "~1.0.0"
              },
              "dependencies": {
                "better-assert": {
                  "version": "1.0.2",
                  "resolved": "https://registry.npmjs.org/better-assert/-/better-assert-1.0.2.tgz",
                  "integrity": "sha1-QIZrnhueC1W0gYlDEeaPr/rrxSI=",
                  "requires": {
                    "callsite": "1.0.0"
                  },
                  "dependencies": {
                    "callsite": {
                      "version": "1.0.0",
                      "resolved": "https://registry.npmjs.org/callsite/-/callsite-1.0.0.tgz",
                      "integrity": "sha1-KAOY5dZkvXQDi28JBRU+borxvCA="
                    }
                  }
                }
              }
            },
            "to-array": {
              "version": "0.1.4",
              "resolved": "https://registry.npmjs.org/to-array/-/to-array-0.1.4.tgz",
              "integrity": "sha1-F+bBH3PdTz10zaek/zI46a2b+JA="
            }
          }
        },
        "socket.io-parser": {
          "version": "3.3.0",
          "resolved": "https://registry.npmjs.org/socket.io-parser/-/socket.io-parser-3.3.0.tgz",
          "integrity": "sha1-K1KpalCf3zFEC6QP7WCUx9TxJi8=",
          "requires": {
            "component-emitter": "1.2.1",
            "debug": "~3.1.0",
            "isarray": "2.0.1"
          },
          "dependencies": {
            "component-emitter": {
              "version": "1.2.1",
              "resolved": "https://registry.npmjs.org/component-emitter/-/component-emitter-1.2.1.tgz",
              "integrity": "sha1-E3kY1teCg/ffemt8WmPhQOaUJeY="
            },
            "debug": {
              "version": "3.1.0",
              "resolved": "https://registry.npmjs.org/debug/-/debug-3.1.0.tgz",
              "integrity": "sha1-W7WgZyYotkFJVmuhaBnmFRjGcmE=",
              "requires": {
                "ms": "2.0.0"
              },
              "dependencies": {
                "ms": {
                  "version": "2.0.0",
                  "resolved": "https://registry.npmjs.org/ms/-/ms-2.0.0.tgz",
                  "integrity": "sha1-VgiurfwAvmwpAd9fmGF4jeDVl8g="
                }
              }
            },
            "isarray": {
              "version": "2.0.1",
              "resolved": "https://registry.npmjs.org/isarray/-/isarray-2.0.1.tgz",
              "integrity": "sha1-o32U7ZzaLVmGXJ92/llu4fM4dB4="
            }
          }
        }
      }
    }
  }
}
